
Microsoft Visual Studio Solution File, Format Version 12.00
# Visual Studio Version 17
VisualStudioVersion = 17.10.35122.118
MinimumVisualStudioVersion = 10.0.40219.1
Project("{FAE04EC0-301F-11D3-BF4B-00C04F79EFBC}") = "Constructor", "Constructor\Constructor.csproj", "{8F56C0F0-F945-488E-AA20-9CD6F0364AB8}"
EndProject
Global
	GlobalSection(SolutionConfigurationPlatforms) = preSolution
		Debug|Any CPU = Debug|Any CPU
		Release|Any CPU = Release|Any CPU
	EndGlobalSection
	GlobalSection(ProjectConfigurationPlatforms) = postSolution
		{8F56C0F0-F945-488E-AA20-9CD6F0364AB8}.Debug|Any CPU.ActiveCfg = Debug|Any CPU
		{8F56C0F0-F945-488E-AA20-9CD6F0364AB8}.Debug|Any CPU.Build.0 = Debug|Any CPU
		{8F56C0F0-F945-488E-AA20-9CD6F0364AB8}.Release|Any CPU.ActiveCfg = Release|Any CPU
		{8F56C0F0-F945-488E-AA20-9CD6F0364AB8}.Release|Any CPU.Build.0 = Release|Any CPU
	EndGlobalSection
	GlobalSection(SolutionProperties) = preSolution
		HideSolutionNode = FALSE
	EndGlobalSection
	GlobalSection(ExtensibilityGlobals) = postSolution
		SolutionGuid = {5B9996BD-9FA2-4375-9CF4-5986296BC74A}
	EndGlobalSection
EndGlobal
